
Microsoft Visual Studio Solution File, Format Version 12.00
# Visual Studio Version 17
VisualStudioVersion = 17.3.32922.545
MinimumVisualStudioVersion = 10.0.40219.1
Project("{9A19103F-16F7-4668-BE54-9A1E7A4F7556}") = "ConsoleApp2", "ConsoleApp2.csproj", "{7327167B-E50F-440D-8E7B-D76965866331}"
EndProject
Global
	GlobalSection(SolutionConfigurationPlatforms) = preSolution
		Debug|Any CPU = Debug|Any CPU
		Release|Any CPU = Release|Any CPU
	EndGlobalSection
	GlobalSection(ProjectConfigurationPlatforms) = postSolution
		{7327167B-E50F-440D-8E7B-D76965866331}.Debug|Any CPU.ActiveCfg = Debug|Any CPU
		{7327167B-E50F-440D-8E7B-D76965866331}.Debug|Any CPU.Build.0 = Debug|Any CPU
		{7327167B-E50F-440D-8E7B-D76965866331}.Release|Any CPU.ActiveCfg = Release|Any CPU
		{7327167B-E50F-440D-8E7B-D76965866331}.Release|Any CPU.Build.0 = Release|Any CPU
	EndGlobalSection
	GlobalSection(SolutionProperties) = preSolution
		HideSolutionNode = FALSE
	EndGlobalSection
	GlobalSection(ExtensibilityGlobals) = postSolution
		SolutionGuid = {8D03EE5E-6241-421B-8E91-21E6A85AD64D}
	EndGlobalSection
EndGlobal
